
Microsoft Visual Studio Solution File, Format Version 12.00
# Visual Studio Version 17
VisualStudioVersion = 17.12.35209.166
MinimumVisualStudioVersion = 10.0.40219.1
Project("{888888A0-9F3D-457C-B088-3A5042F75D52}") = "First try TARgv24", "First try TARgv24.pyproj", "{8E303D84-E3F3-4CAA-988F-2D43499E5F39}"
EndProject
Global
	GlobalSection(SolutionConfigurationPlatforms) = preSolution
		Debug|Any CPU = Debug|Any CPU
		Release|Any CPU = Release|Any CPU
	EndGlobalSection
	GlobalSection(ProjectConfigurationPlatforms) = postSolution
		{8E303D84-E3F3-4CAA-988F-2D43499E5F39}.Debug|Any CPU.ActiveCfg = Debug|Any CPU
		{8E303D84-E3F3-4CAA-988F-2D43499E5F39}.Release|Any CPU.ActiveCfg = Release|Any CPU
	EndGlobalSection
	GlobalSection(SolutionProperties) = preSolution
		HideSolutionNode = FALSE
	EndGlobalSection
	GlobalSection(ExtensibilityGlobals) = postSolution
		SolutionGuid = {AD543C1E-904C-4273-B1F4-17FB39AFA019}
	EndGlobalSection
EndGlobal
